

Microsoft Visual Studio Solution File, Format Version 12.00
# Visual Studio Version 16
VisualStudioVersion = 16.0.29201.188
MinimumVisualStudioVersion = 10.0.40219.1
Project("{9A19103F-16F7-4668-BE54-9A1E7A4F7556}") = "Task1", "Task1\Task1.csproj", "{C27C8DCA-3462-4CDA-827C-87781B26153E}"
EndProject
Project("{9A19103F-16F7-4668-BE54-9A1E7A4F7556}") = "Task2", "Task2\Task2.csproj", "{1B8AD7FC-6698-4909-8F82-B25FCEB920AA}"
EndProject
Project("{FAE04EC0-301F-11D3-BF4B-00C04F79EFBC}") = "Task3", "Task3\Task3.csproj", "{FA31D83B-C1EA-4BB0-BCE6-1ABCCBA4EDB3}"
EndProject
Global
	GlobalSection(SolutionConfigurationPlatforms) = preSolution
		Debug|Any CPU = Debug|Any CPU
		Release|Any CPU = Release|Any CPU
	EndGlobalSection
	GlobalSection(ProjectConfigurationPlatforms) = postSolution
		{C27C8DCA-3462-4CDA-827C-87781B26153E}.Debug|Any CPU.ActiveCfg = Debug|Any CPU
		{C27C8DCA-3462-4CDA-827C-87781B26153E}.Debug|Any CPU.Build.0 = Debug|Any CPU
		{C27C8DCA-3462-4CDA-827C-87781B26153E}.Release|Any CPU.ActiveCfg = Release|Any CPU
		{C27C8DCA-3462-4CDA-827C-87781B26153E}.Release|Any CPU.Build.0 = Release|Any CPU
		{1B8AD7FC-6698-4909-8F82-B25FCEB920AA}.Debug|Any CPU.ActiveCfg = Debug|Any CPU
		{1B8AD7FC-6698-4909-8F82-B25FCEB920AA}.Debug|Any CPU.Build.0 = Debug|Any CPU
		{1B8AD7FC-6698-4909-8F82-B25FCEB920AA}.Release|Any CPU.ActiveCfg = Release|Any CPU
		{1B8AD7FC-6698-4909-8F82-B25FCEB920AA}.Release|Any CPU.Build.0 = Release|Any CPU
		{FA31D83B-C1EA-4BB0-BCE6-1ABCCBA4EDB3}.Debug|Any CPU.ActiveCfg = Debug|Any CPU
		{FA31D83B-C1EA-4BB0-BCE6-1ABCCBA4EDB3}.Debug|Any CPU.Build.0 = Debug|Any CPU
		{FA31D83B-C1EA-4BB0-BCE6-1ABCCBA4EDB3}.Release|Any CPU.ActiveCfg = Release|Any CPU
		{FA31D83B-C1EA-4BB0-BCE6-1ABCCBA4EDB3}.Release|Any CPU.Build.0 = Release|Any CPU
	EndGlobalSection
	GlobalSection(SolutionProperties) = preSolution
		HideSolutionNode = FALSE
	EndGlobalSection
	GlobalSection(ExtensibilityGlobals) = postSolution
		SolutionGuid = {51E9EDA5-0F3B-4F0C-8202-30F8E8D6F85F}
	EndGlobalSection
EndGlobal
